
Microsoft Visual Studio Solution File, Format Version 12.00
# Visual Studio 14
VisualStudioVersion = 14.0.25420.1
MinimumVisualStudioVersion = 10.0.40219.1
Project("{8BC9CEB8-8B4A-11D0-8D11-00A0C91BC942}") = "Client", "Client\Default\Client.vcxproj", "{1B30525F-431A-4837-9F56-057E07F5A4FA}"
EndProject
Project("{2150E333-8FDC-42A3-9474-1A3956D46DE8}") = "00.Client", "00.Client", "{EC1AE6B3-4845-4A9B-89DB-765BFCA74B38}"
EndProject
Project("{2150E333-8FDC-42A3-9474-1A3956D46DE8}") = "01.Engine", "01.Engine", "{8E82CE1D-18E8-48AA-B67A-32738D917C17}"
EndProject
Project("{8BC9CEB8-8B4A-11D0-8D11-00A0C91BC942}") = "Engine", "Engine\Default\Engine.vcxproj", "{1CD99919-8FD4-44CE-9C9C-FD973AFDACDB}"
EndProject
Global
	GlobalSection(SolutionConfigurationPlatforms) = preSolution
		Debug|x64 = Debug|x64
		Debug|x86 = Debug|x86
		Release|x64 = Release|x64
		Release|x86 = Release|x86
	EndGlobalSection
	GlobalSection(ProjectConfigurationPlatforms) = postSolution
		{1B30525F-431A-4837-9F56-057E07F5A4FA}.Debug|x64.ActiveCfg = Debug|x64
		{1B30525F-431A-4837-9F56-057E07F5A4FA}.Debug|x64.Build.0 = Debug|x64
		{1B30525F-431A-4837-9F56-057E07F5A4FA}.Debug|x86.ActiveCfg = Debug|Win32
		{1B30525F-431A-4837-9F56-057E07F5A4FA}.Debug|x86.Build.0 = Debug|Win32
		{1B30525F-431A-4837-9F56-057E07F5A4FA}.Release|x64.ActiveCfg = Release|x64
		{1B30525F-431A-4837-9F56-057E07F5A4FA}.Release|x64.Build.0 = Release|x64
		{1B30525F-431A-4837-9F56-057E07F5A4FA}.Release|x86.ActiveCfg = Release|Win32
		{1B30525F-431A-4837-9F56-057E07F5A4FA}.Release|x86.Build.0 = Release|Win32
		{1CD99919-8FD4-44CE-9C9C-FD973AFDACDB}.Debug|x64.ActiveCfg = Debug|x64
		{1CD99919-8FD4-44CE-9C9C-FD973AFDACDB}.Debug|x64.Build.0 = Debug|x64
		{1CD99919-8FD4-44CE-9C9C-FD973AFDACDB}.Debug|x86.ActiveCfg = Debug|Win32
		{1CD99919-8FD4-44CE-9C9C-FD973AFDACDB}.Debug|x86.Build.0 = Debug|Win32
		{1CD99919-8FD4-44CE-9C9C-FD973AFDACDB}.Release|x64.ActiveCfg = Release|x64
		{1CD99919-8FD4-44CE-9C9C-FD973AFDACDB}.Release|x64.Build.0 = Release|x64
		{1CD99919-8FD4-44CE-9C9C-FD973AFDACDB}.Release|x86.ActiveCfg = Release|Win32
		{1CD99919-8FD4-44CE-9C9C-FD973AFDACDB}.Release|x86.Build.0 = Release|Win32
	EndGlobalSection
	GlobalSection(SolutionProperties) = preSolution
		HideSolutionNode = FALSE
	EndGlobalSection
	GlobalSection(NestedProjects) = preSolution
		{1B30525F-431A-4837-9F56-057E07F5A4FA} = {EC1AE6B3-4845-4A9B-89DB-765BFCA74B38}
		{1CD99919-8FD4-44CE-9C9C-FD973AFDACDB} = {8E82CE1D-18E8-48AA-B67A-32738D917C17}
	EndGlobalSection
EndGlobal
